
Microsoft Visual Studio Solution File, Format Version 12.00
# Visual Studio Version 17
VisualStudioVersion = 17.3.32811.315
MinimumVisualStudioVersion = 10.0.40219.1
Project("{FAE04EC0-301F-11D3-BF4B-00C04F79EFBC}") = "QRGenerator", "QRGenerator\QRGenerator.csproj", "{0200E673-4D87-4B1B-AB34-12A7B2417E1A}"
EndProject
Global
	GlobalSection(SolutionConfigurationPlatforms) = preSolution
		Debug|Any CPU = Debug|Any CPU
		Release|Any CPU = Release|Any CPU
	EndGlobalSection
	GlobalSection(ProjectConfigurationPlatforms) = postSolution
		{0200E673-4D87-4B1B-AB34-12A7B2417E1A}.Debug|Any CPU.ActiveCfg = Debug|Any CPU
		{0200E673-4D87-4B1B-AB34-12A7B2417E1A}.Debug|Any CPU.Build.0 = Debug|Any CPU
		{0200E673-4D87-4B1B-AB34-12A7B2417E1A}.Release|Any CPU.ActiveCfg = Release|Any CPU
		{0200E673-4D87-4B1B-AB34-12A7B2417E1A}.Release|Any CPU.Build.0 = Release|Any CPU
	EndGlobalSection
	GlobalSection(SolutionProperties) = preSolution
		HideSolutionNode = FALSE
	EndGlobalSection
	GlobalSection(ExtensibilityGlobals) = postSolution
		SolutionGuid = {BF22B332-2ABB-4ABE-8DAB-2350EABA94F7}
	EndGlobalSection
EndGlobal
